// !$*UTF8*$!
{
	archiveVersion = 1;
	classes = {
	};
	objectVersion = 56;
	objects = {

/* Begin PBXBuildFile section */
		590432AB2B1FC1370012F0FA /* SettingsUserInfoGroup.swift in Sources */ = {isa = PBXBuildFile; fileRef = 590432AA2B1FC1370012F0FA /* SettingsUserInfoGroup.swift */; };
		590539802B40DCD2007AE8EF /* HomeZone2PastWeek.swift in Sources */ = {isa = PBXBuildFile; fileRef = 5905397F2B40DCD2007AE8EF /* HomeZone2PastWeek.swift */; };
		590539882B410BF9007AE8EF /* HomeMindfulnessPastWeek.swift in Sources */ = {isa = PBXBuildFile; fileRef = 590539872B410BF9007AE8EF /* HomeMindfulnessPastWeek.swift */; };
		5905FE9B2B41D77700D2CD66 /* HomeView.swift in Sources */ = {isa = PBXBuildFile; fileRef = 5905FE9A2B41D77700D2CD66 /* HomeView.swift */; };
		5905FE9D2B41D7B500D2CD66 /* HomeSunlightPastWeek.swift in Sources */ = {isa = PBXBuildFile; fileRef = 5905FE9C2B41D7B500D2CD66 /* HomeSunlightPastWeek.swift */; };
		5905FE9F2B424A8800D2CD66 /* WeekZone2DetailView.swift in Sources */ = {isa = PBXBuildFile; fileRef = 5905FE9E2B424A8800D2CD66 /* WeekZone2DetailView.swift */; };
		5905FEA12B424AB300D2CD66 /* WeekZone2BarChart.swift in Sources */ = {isa = PBXBuildFile; fileRef = 5905FEA02B424AB300D2CD66 /* WeekZone2BarChart.swift */; };
		590861E52B1E5C790040DC72 /* Constants.swift in Sources */ = {isa = PBXBuildFile; fileRef = 590861E42B1E5C790040DC72 /* Constants.swift */; };
		590E17A82B33AD9B00269FA4 /* RestTodayActivities.swift in Sources */ = {isa = PBXBuildFile; fileRef = 590E17A72B33AD9B00269FA4 /* RestTodayActivities.swift */; };
		590E17AA2B33B06E00269FA4 /* RestOldActivities.swift in Sources */ = {isa = PBXBuildFile; fileRef = 590E17A92B33B06E00269FA4 /* RestOldActivities.swift */; };
		591232302B50C6D8004C50D6 /* RecoveryChart.swift in Sources */ = {isa = PBXBuildFile; fileRef = 5912322F2B50C6D8004C50D6 /* RecoveryChart.swift */; };
		5912D1952B1BB78D00E78D6E /* fourtoldApp.swift in Sources */ = {isa = PBXBuildFile; fileRef = 5912D1942B1BB78D00E78D6E /* fourtoldApp.swift */; };
		5912D1972B1BB78D00E78D6E /* ContentView.swift in Sources */ = {isa = PBXBuildFile; fileRef = 5912D1962B1BB78D00E78D6E /* ContentView.swift */; };
		5912D1992B1BB78F00E78D6E /* Assets.xcassets in Resources */ = {isa = PBXBuildFile; fileRef = 5912D1982B1BB78F00E78D6E /* Assets.xcassets */; };
		5912D19C2B1BB78F00E78D6E /* Preview Assets.xcassets in Resources */ = {isa = PBXBuildFile; fileRef = 5912D19B2B1BB78F00E78D6E /* Preview Assets.xcassets */; };
		5912D1A42B1BB90500E78D6E /* HealthKitController.swift in Sources */ = {isa = PBXBuildFile; fileRef = 5912D1A32B1BB90500E78D6E /* HealthKitController.swift */; };
		5912D1A62B1BE00B00E78D6E /* WeekStepsDetailView.swift in Sources */ = {isa = PBXBuildFile; fileRef = 5912D1A52B1BE00B00E78D6E /* WeekStepsDetailView.swift */; };
		591CC1E22B32074200B731B7 /* MoodPicker.swift in Sources */ = {isa = PBXBuildFile; fileRef = 591CC1E12B32074200B731B7 /* MoodPicker.swift */; };
		593A560F2B42953B008DBC0E /* TagOptionPicker.swift in Sources */ = {isa = PBXBuildFile; fileRef = 593A560E2B42953A008DBC0E /* TagOptionPicker.swift */; };
		594888FF2B296938003FD4C8 /* Extensions.swift in Sources */ = {isa = PBXBuildFile; fileRef = 594888FE2B296938003FD4C8 /* Extensions.swift */; };
		594889032B2A885E003FD4C8 /* HomeMindfulnessToday.swift in Sources */ = {isa = PBXBuildFile; fileRef = 594889022B2A885E003FD4C8 /* HomeMindfulnessToday.swift */; };
		594889072B2A8E60003FD4C8 /* WeekRestMinutesDetailView.swift in Sources */ = {isa = PBXBuildFile; fileRef = 594889062B2A8E60003FD4C8 /* WeekRestMinutesDetailView.swift */; };
		594889092B2A8EF8003FD4C8 /* WeekRestMinutesBarChart.swift in Sources */ = {isa = PBXBuildFile; fileRef = 594889082B2A8EF8003FD4C8 /* WeekRestMinutesBarChart.swift */; };
		594B28952B392728004F8BD6 /* StatItem.swift in Sources */ = {isa = PBXBuildFile; fileRef = 594B28942B392728004F8BD6 /* StatItem.swift */; };
		594B28972B39310A004F8BD6 /* RestMinutes.swift in Sources */ = {isa = PBXBuildFile; fileRef = 594B28962B39310A004F8BD6 /* RestMinutes.swift */; };
		594F09782B4E0B100010E544 /* BoxSection.swift in Sources */ = {isa = PBXBuildFile; fileRef = 594F09772B4E0B100010E544 /* BoxSection.swift */; };
		594F097C2B506B8F0010E544 /* BoxingView.swift in Sources */ = {isa = PBXBuildFile; fileRef = 594F097B2B506B8F0010E544 /* BoxingView.swift */; };
		594F097E2B506BDC0010E544 /* RHRChart.swift in Sources */ = {isa = PBXBuildFile; fileRef = 594F097D2B506BDC0010E544 /* RHRChart.swift */; };
		594F09802B506D9B0010E544 /* RHR.swift in Sources */ = {isa = PBXBuildFile; fileRef = 594F097F2B506D9B0010E544 /* RHR.swift */; };
		594F09822B506DE90010E544 /* RHRBadge.swift in Sources */ = {isa = PBXBuildFile; fileRef = 594F09812B506DE90010E544 /* RHRBadge.swift */; };
		594F09882B50C4990010E544 /* RecoveryBadge.swift in Sources */ = {isa = PBXBuildFile; fileRef = 594F09872B50C4990010E544 /* RecoveryBadge.swift */; };
		594F098A2B50C65D0010E544 /* Recovery.swift in Sources */ = {isa = PBXBuildFile; fileRef = 594F09892B50C65D0010E544 /* Recovery.swift */; };
		594FCD522B48F83B003C9640 /* FTTagSubStats.swift in Sources */ = {isa = PBXBuildFile; fileRef = 594FCD512B48F83B003C9640 /* FTTagSubStats.swift */; };
		594FCD542B48FA19003C9640 /* TagDetails.swift in Sources */ = {isa = PBXBuildFile; fileRef = 594FCD532B48FA19003C9640 /* TagDetails.swift */; };
		594FCD592B49DE76003C9640 /* VO2.swift in Sources */ = {isa = PBXBuildFile; fileRef = 594FCD582B49DE76003C9640 /* VO2.swift */; };
		594FCD5B2B4A18FB003C9640 /* VO2Badge.swift in Sources */ = {isa = PBXBuildFile; fileRef = 594FCD5A2B4A18FB003C9640 /* VO2Badge.swift */; };
		594FCD5D2B4A3845003C9640 /* VO2Chart.swift in Sources */ = {isa = PBXBuildFile; fileRef = 594FCD5C2B4A3845003C9640 /* VO2Chart.swift */; };
		59511A9B2B33363E0071249A /* MeditationDoneSheet.swift in Sources */ = {isa = PBXBuildFile; fileRef = 59511A9A2B33363E0071249A /* MeditationDoneSheet.swift */; };
		59511A9D2B3336660071249A /* ReadingDoneSheet.swift in Sources */ = {isa = PBXBuildFile; fileRef = 59511A9C2B3336660071249A /* ReadingDoneSheet.swift */; };
		59554E262B42982C0089BA88 /* TagsTodayView.swift in Sources */ = {isa = PBXBuildFile; fileRef = 59554E252B42982C0089BA88 /* TagsTodayView.swift */; };
		597550932B1FC3620070F60E /* FTGender.swift in Sources */ = {isa = PBXBuildFile; fileRef = 597550922B1FC3620070F60E /* FTGender.swift */; };
		597550982B20E15D0070F60E /* MoveView.swift in Sources */ = {isa = PBXBuildFile; fileRef = 597550972B20E15D0070F60E /* MoveView.swift */; };
		5975509A2B20E1650070F60E /* RestView.swift in Sources */ = {isa = PBXBuildFile; fileRef = 597550992B20E1650070F60E /* RestView.swift */; };
		5975509F2B226FA00070F60E /* FTTabItem.swift in Sources */ = {isa = PBXBuildFile; fileRef = 5975509E2B226FA00070F60E /* FTTabItem.swift */; };
		597550A72B27A1800070F60E /* FTActivity.swift in Sources */ = {isa = PBXBuildFile; fileRef = 597550A62B27A1800070F60E /* FTActivity.swift */; };
		597550A92B27A1D50070F60E /* FTMeditate.swift in Sources */ = {isa = PBXBuildFile; fileRef = 597550A82B27A1D50070F60E /* FTMeditate.swift */; };
		597550AD2B27A2580070F60E /* FTMeditateType.swift in Sources */ = {isa = PBXBuildFile; fileRef = 597550AC2B27A2580070F60E /* FTMeditateType.swift */; };
		597A78A32B363C23002F1BA7 /* FTTimeFrame.swift in Sources */ = {isa = PBXBuildFile; fileRef = 597A78A22B363C23002F1BA7 /* FTTimeFrame.swift */; };
		597A78A52B365C37002F1BA7 /* RestItemView.swift in Sources */ = {isa = PBXBuildFile; fileRef = 597A78A42B365C37002F1BA7 /* RestItemView.swift */; };
		597A78A72B374DCE002F1BA7 /* RestStreaks.swift in Sources */ = {isa = PBXBuildFile; fileRef = 597A78A62B374DCE002F1BA7 /* RestStreaks.swift */; };
		597A78A92B37CA35002F1BA7 /* RestStreakItem.swift in Sources */ = {isa = PBXBuildFile; fileRef = 597A78A82B37CA35002F1BA7 /* RestStreakItem.swift */; };
		598117942B27D22B003FAEB0 /* MeditationsSheet.swift in Sources */ = {isa = PBXBuildFile; fileRef = 598117932B27D22B003FAEB0 /* MeditationsSheet.swift */; };
		598117962B27F462003FAEB0 /* MeditatingView.swift in Sources */ = {isa = PBXBuildFile; fileRef = 598117952B27F462003FAEB0 /* MeditatingView.swift */; };
		598C4D582B4495BF00CD4745 /* TagsOldView.swift in Sources */ = {isa = PBXBuildFile; fileRef = 598C4D572B4495BF00CD4745 /* TagsOldView.swift */; };
		5997A61A2B295EBE00CDDF76 /* NotificationController.swift in Sources */ = {isa = PBXBuildFile; fileRef = 5997A6192B295EBE00CDDF76 /* NotificationController.swift */; };
		59B57B342B2D13EE00FA949C /* JournalSheet.swift in Sources */ = {isa = PBXBuildFile; fileRef = 59B57B332B2D13EE00FA949C /* JournalSheet.swift */; };
		59B57B372B2D323C00FA949C /* TimerView.swift in Sources */ = {isa = PBXBuildFile; fileRef = 59B57B362B2D323C00FA949C /* TimerView.swift */; };
		59B57B3A2B2D38B300FA949C /* BreathSheet.swift in Sources */ = {isa = PBXBuildFile; fileRef = 59B57B392B2D38B300FA949C /* BreathSheet.swift */; };
		59B57B3C2B2D3E0E00FA949C /* Four78Section.swift in Sources */ = {isa = PBXBuildFile; fileRef = 59B57B3B2B2D3E0D00FA949C /* Four78Section.swift */; };
		59B57B3E2B30CDCC00FA949C /* FTMood.swift in Sources */ = {isa = PBXBuildFile; fileRef = 59B57B3D2B30CDCC00FA949C /* FTMood.swift */; };
		59B57B402B30CF7F00FA949C /* FTTimeOfDay.swift in Sources */ = {isa = PBXBuildFile; fileRef = 59B57B3F2B30CF7F00FA949C /* FTTimeOfDay.swift */; };
		59B57B422B30D14D00FA949C /* FTReadGenre.swift in Sources */ = {isa = PBXBuildFile; fileRef = 59B57B412B30D14D00FA949C /* FTReadGenre.swift */; };
		59B96AC72B2B9415003B5106 /* FTRead.swift in Sources */ = {isa = PBXBuildFile; fileRef = 59B96AC62B2B9415003B5106 /* FTRead.swift */; };
		59B96AC92B2B9462003B5106 /* FTReadType.swift in Sources */ = {isa = PBXBuildFile; fileRef = 59B96AC82B2B9462003B5106 /* FTReadType.swift */; };
		59B96ACD2B2B9738003B5106 /* ReadSheet.swift in Sources */ = {isa = PBXBuildFile; fileRef = 59B96ACC2B2B9738003B5106 /* ReadSheet.swift */; };
		59B96AD12B2B9DAD003B5106 /* ReadingView.swift in Sources */ = {isa = PBXBuildFile; fileRef = 59B96AD02B2B9DAD003B5106 /* ReadingView.swift */; };
		59CAEE7A2B40C2BB000E5A52 /* SettingsMiscGroup.swift in Sources */ = {isa = PBXBuildFile; fileRef = 59CAEE792B40C2BB000E5A52 /* SettingsMiscGroup.swift */; };
		59CAEE802B40C761000E5A52 /* HomeZone2Today.swift in Sources */ = {isa = PBXBuildFile; fileRef = 59CAEE7F2B40C761000E5A52 /* HomeZone2Today.swift */; };
		59D0D14D2B44C37400DEB29A /* HomeOverall.swift in Sources */ = {isa = PBXBuildFile; fileRef = 59D0D14C2B44C37400DEB29A /* HomeOverall.swift */; };
		59D0D14F2B45D25900DEB29A /* SettingsSweatGroup.swift in Sources */ = {isa = PBXBuildFile; fileRef = 59D0D14E2B45D25900DEB29A /* SettingsSweatGroup.swift */; };
		59D0D1522B45D2FE00DEB29A /* SweatView.swift in Sources */ = {isa = PBXBuildFile; fileRef = 59D0D1512B45D2FE00DEB29A /* SweatView.swift */; };
		59D0D1542B461DF300DEB29A /* Four78ingView.swift in Sources */ = {isa = PBXBuildFile; fileRef = 59D0D1532B461DF300DEB29A /* Four78ingView.swift */; };
		59D0D1562B462BF200DEB29A /* BreathDoneSheet.swift in Sources */ = {isa = PBXBuildFile; fileRef = 59D0D1552B462BF200DEB29A /* BreathDoneSheet.swift */; };
		59D0D15A2B4646D700DEB29A /* FTBreathStatus.swift in Sources */ = {isa = PBXBuildFile; fileRef = 59D0D1592B4646D700DEB29A /* FTBreathStatus.swift */; };
		59D0D15D2B47814600DEB29A /* TagView.swift in Sources */ = {isa = PBXBuildFile; fileRef = 59D0D15C2B47814600DEB29A /* TagView.swift */; };
		59D0D15F2B47831A00DEB29A /* FTTagStats.swift in Sources */ = {isa = PBXBuildFile; fileRef = 59D0D15E2B47831A00DEB29A /* FTTagStats.swift */; };
		59D28FD52B1E84D9002799C4 /* WeekStepsBarChart.swift in Sources */ = {isa = PBXBuildFile; fileRef = 59D28FD42B1E84D9002799C4 /* WeekStepsBarChart.swift */; };
		59D28FD82B1E8564002799C4 /* SettingsRestGroup.swift in Sources */ = {isa = PBXBuildFile; fileRef = 59D28FD72B1E8564002799C4 /* SettingsRestGroup.swift */; };
		59D28FE32B1EACDC002799C4 /* SettingsMoveGroup.swift in Sources */ = {isa = PBXBuildFile; fileRef = 59D28FE22B1EACDC002799C4 /* SettingsMoveGroup.swift */; };
		59DAF37A2B2C047A00BB12B5 /* FTBreathType.swift in Sources */ = {isa = PBXBuildFile; fileRef = 59DAF3792B2C047A00BB12B5 /* FTBreathType.swift */; };
		59DAF37C2B2C04B900BB12B5 /* FTBreath.swift in Sources */ = {isa = PBXBuildFile; fileRef = 59DAF37B2B2C04B900BB12B5 /* FTBreath.swift */; };
		59DC47C62B1E6A1E00737EDE /* SettingsView.swift in Sources */ = {isa = PBXBuildFile; fileRef = 59DC47C52B1E6A1E00737EDE /* SettingsView.swift */; };
		59DFE25E2B42631100B02C23 /* HomeStepsCards.swift in Sources */ = {isa = PBXBuildFile; fileRef = 59DFE25D2B42631100B02C23 /* HomeStepsCards.swift */; };
		59DFE2602B42640800B02C23 /* HomeZone2Cards.swift in Sources */ = {isa = PBXBuildFile; fileRef = 59DFE25F2B42640800B02C23 /* HomeZone2Cards.swift */; };
		59DFE2622B4264D100B02C23 /* HomeMindfulnessCards.swift in Sources */ = {isa = PBXBuildFile; fileRef = 59DFE2612B4264D100B02C23 /* HomeMindfulnessCards.swift */; };
		59DFE2642B42657300B02C23 /* HomeSunlightCards.swift in Sources */ = {isa = PBXBuildFile; fileRef = 59DFE2632B42657300B02C23 /* HomeSunlightCards.swift */; };
		59DFE2662B42674200B02C23 /* SunlightDetailView.swift in Sources */ = {isa = PBXBuildFile; fileRef = 59DFE2652B42674200B02C23 /* SunlightDetailView.swift */; };
		59DFE2682B4267CB00B02C23 /* WeekSunlightBarChart.swift in Sources */ = {isa = PBXBuildFile; fileRef = 59DFE2672B4267CB00B02C23 /* WeekSunlightBarChart.swift */; };
		59DFE26B2B42720B00B02C23 /* FTTag.swift in Sources */ = {isa = PBXBuildFile; fileRef = 59DFE26A2B42720B00B02C23 /* FTTag.swift */; };
		59DFE26D2B42721300B02C23 /* FTTagOption.swift in Sources */ = {isa = PBXBuildFile; fileRef = 59DFE26C2B42721300B02C23 /* FTTagOption.swift */; };
		59DFE26F2B42742700B02C23 /* FTTagType.swift in Sources */ = {isa = PBXBuildFile; fileRef = 59DFE26E2B42742700B02C23 /* FTTagType.swift */; };
		59DFE2712B42766400B02C23 /* TagSheet.swift in Sources */ = {isa = PBXBuildFile; fileRef = 59DFE2702B42766400B02C23 /* TagSheet.swift */; };
		59F2DB242B48578A00FD0137 /* FTTagSort.swift in Sources */ = {isa = PBXBuildFile; fileRef = 59F2DB232B48578A00FD0137 /* FTTagSort.swift */; };
		59F2DB262B48782100FD0137 /* StatRow.swift in Sources */ = {isa = PBXBuildFile; fileRef = 59F2DB252B48782100FD0137 /* StatRow.swift */; };
		59FCB7E72B3D1BC0004C64B0 /* HomeStatCard.swift in Sources */ = {isa = PBXBuildFile; fileRef = 59FCB7E62B3D1BC0004C64B0 /* HomeStatCard.swift */; };
		59FCB7F12B3E2C2A004C64B0 /* HomeStepsToday.swift in Sources */ = {isa = PBXBuildFile; fileRef = 59FCB7F02B3E2C2A004C64B0 /* HomeStepsToday.swift */; };
		59FCB7F32B3E2D6B004C64B0 /* HomeStepsPastWeek.swift in Sources */ = {isa = PBXBuildFile; fileRef = 59FCB7F22B3E2D6B004C64B0 /* HomeStepsPastWeek.swift */; };
		59FCB7F72B3E44F2004C64B0 /* HomeSunlightToday.swift in Sources */ = {isa = PBXBuildFile; fileRef = 59FCB7F62B3E44F2004C64B0 /* HomeSunlightToday.swift */; };
/* End PBXBuildFile section */

/* Begin PBXFileReference section */
		590432AA2B1FC1370012F0FA /* SettingsUserInfoGroup.swift */ = {isa = PBXFileReference; lastKnownFileType = sourcecode.swift; path = SettingsUserInfoGroup.swift; sourceTree = "<group>"; };
		5905397F2B40DCD2007AE8EF /* HomeZone2PastWeek.swift */ = {isa = PBXFileReference; lastKnownFileType = sourcecode.swift; path = HomeZone2PastWeek.swift; sourceTree = "<group>"; };
		590539872B410BF9007AE8EF /* HomeMindfulnessPastWeek.swift */ = {isa = PBXFileReference; lastKnownFileType = sourcecode.swift; path = HomeMindfulnessPastWeek.swift; sourceTree = "<group>"; };
		5905FE9A2B41D77700D2CD66 /* HomeView.swift */ = {isa = PBXFileReference; lastKnownFileType = sourcecode.swift; path = HomeView.swift; sourceTree = "<group>"; };
		5905FE9C2B41D7B500D2CD66 /* HomeSunlightPastWeek.swift */ = {isa = PBXFileReference; lastKnownFileType = sourcecode.swift; path = HomeSunlightPastWeek.swift; sourceTree = "<group>"; };
		5905FE9E2B424A8800D2CD66 /* WeekZone2DetailView.swift */ = {isa = PBXFileReference; lastKnownFileType = sourcecode.swift; path = WeekZone2DetailView.swift; sourceTree = "<group>"; };
		5905FEA02B424AB300D2CD66 /* WeekZone2BarChart.swift */ = {isa = PBXFileReference; lastKnownFileType = sourcecode.swift; path = WeekZone2BarChart.swift; sourceTree = "<group>"; };
		590861E42B1E5C790040DC72 /* Constants.swift */ = {isa = PBXFileReference; lastKnownFileType = sourcecode.swift; path = Constants.swift; sourceTree = "<group>"; };
		590E17A72B33AD9B00269FA4 /* RestTodayActivities.swift */ = {isa = PBXFileReference; lastKnownFileType = sourcecode.swift; path = RestTodayActivities.swift; sourceTree = "<group>"; };
		590E17A92B33B06E00269FA4 /* RestOldActivities.swift */ = {isa = PBXFileReference; lastKnownFileType = sourcecode.swift; path = RestOldActivities.swift; sourceTree = "<group>"; };
		5912322F2B50C6D8004C50D6 /* RecoveryChart.swift */ = {isa = PBXFileReference; lastKnownFileType = sourcecode.swift; path = RecoveryChart.swift; sourceTree = "<group>"; };
		5912D1912B1BB78D00E78D6E /* fourtold.app */ = {isa = PBXFileReference; explicitFileType = wrapper.application; includeInIndex = 0; path = fourtold.app; sourceTree = BUILT_PRODUCTS_DIR; };
		5912D1942B1BB78D00E78D6E /* fourtoldApp.swift */ = {isa = PBXFileReference; lastKnownFileType = sourcecode.swift; path = fourtoldApp.swift; sourceTree = "<group>"; };
		5912D1962B1BB78D00E78D6E /* ContentView.swift */ = {isa = PBXFileReference; lastKnownFileType = sourcecode.swift; path = ContentView.swift; sourceTree = "<group>"; };
		5912D1982B1BB78F00E78D6E /* Assets.xcassets */ = {isa = PBXFileReference; lastKnownFileType = folder.assetcatalog; path = Assets.xcassets; sourceTree = "<group>"; };
		5912D19B2B1BB78F00E78D6E /* Preview Assets.xcassets */ = {isa = PBXFileReference; lastKnownFileType = folder.assetcatalog; path = "Preview Assets.xcassets"; sourceTree = "<group>"; };
		5912D1A22B1BB7DF00E78D6E /* fourtold.entitlements */ = {isa = PBXFileReference; lastKnownFileType = text.plist.entitlements; path = fourtold.entitlements; sourceTree = "<group>"; };
		5912D1A32B1BB90500E78D6E /* HealthKitController.swift */ = {isa = PBXFileReference; lastKnownFileType = sourcecode.swift; path = HealthKitController.swift; sourceTree = "<group>"; };
		5912D1A52B1BE00B00E78D6E /* WeekStepsDetailView.swift */ = {isa = PBXFileReference; lastKnownFileType = sourcecode.swift; path = WeekStepsDetailView.swift; sourceTree = "<group>"; };
		591CC1E12B32074200B731B7 /* MoodPicker.swift */ = {isa = PBXFileReference; lastKnownFileType = sourcecode.swift; path = MoodPicker.swift; sourceTree = "<group>"; };
		593A560E2B42953A008DBC0E /* TagOptionPicker.swift */ = {isa = PBXFileReference; lastKnownFileType = sourcecode.swift; path = TagOptionPicker.swift; sourceTree = "<group>"; };
		594888FE2B296938003FD4C8 /* Extensions.swift */ = {isa = PBXFileReference; lastKnownFileType = sourcecode.swift; path = Extensions.swift; sourceTree = "<group>"; };
		594889022B2A885E003FD4C8 /* HomeMindfulnessToday.swift */ = {isa = PBXFileReference; lastKnownFileType = sourcecode.swift; path = HomeMindfulnessToday.swift; sourceTree = "<group>"; };
		594889062B2A8E60003FD4C8 /* WeekRestMinutesDetailView.swift */ = {isa = PBXFileReference; lastKnownFileType = sourcecode.swift; path = WeekRestMinutesDetailView.swift; sourceTree = "<group>"; };
		594889082B2A8EF8003FD4C8 /* WeekRestMinutesBarChart.swift */ = {isa = PBXFileReference; lastKnownFileType = sourcecode.swift; path = WeekRestMinutesBarChart.swift; sourceTree = "<group>"; };
		594B28942B392728004F8BD6 /* StatItem.swift */ = {isa = PBXFileReference; lastKnownFileType = sourcecode.swift; path = StatItem.swift; sourceTree = "<group>"; };
		594B28962B39310A004F8BD6 /* RestMinutes.swift */ = {isa = PBXFileReference; lastKnownFileType = sourcecode.swift; path = RestMinutes.swift; sourceTree = "<group>"; };
		594F09772B4E0B100010E544 /* BoxSection.swift */ = {isa = PBXFileReference; lastKnownFileType = sourcecode.swift; path = BoxSection.swift; sourceTree = "<group>"; };
		594F097B2B506B8F0010E544 /* BoxingView.swift */ = {isa = PBXFileReference; lastKnownFileType = sourcecode.swift; path = BoxingView.swift; sourceTree = "<group>"; };
		594F097D2B506BDC0010E544 /* RHRChart.swift */ = {isa = PBXFileReference; lastKnownFileType = sourcecode.swift; path = RHRChart.swift; sourceTree = "<group>"; };
		594F097F2B506D9B0010E544 /* RHR.swift */ = {isa = PBXFileReference; lastKnownFileType = sourcecode.swift; path = RHR.swift; sourceTree = "<group>"; };
		594F09812B506DE90010E544 /* RHRBadge.swift */ = {isa = PBXFileReference; lastKnownFileType = sourcecode.swift; path = RHRBadge.swift; sourceTree = "<group>"; };
		594F09872B50C4990010E544 /* RecoveryBadge.swift */ = {isa = PBXFileReference; lastKnownFileType = sourcecode.swift; path = RecoveryBadge.swift; sourceTree = "<group>"; };
		594F09892B50C65D0010E544 /* Recovery.swift */ = {isa = PBXFileReference; lastKnownFileType = sourcecode.swift; path = Recovery.swift; sourceTree = "<group>"; };
		594FCD512B48F83B003C9640 /* FTTagSubStats.swift */ = {isa = PBXFileReference; lastKnownFileType = sourcecode.swift; path = FTTagSubStats.swift; sourceTree = "<group>"; };
		594FCD532B48FA19003C9640 /* TagDetails.swift */ = {isa = PBXFileReference; lastKnownFileType = sourcecode.swift; path = TagDetails.swift; sourceTree = "<group>"; };
		594FCD582B49DE76003C9640 /* VO2.swift */ = {isa = PBXFileReference; lastKnownFileType = sourcecode.swift; path = VO2.swift; sourceTree = "<group>"; };
		594FCD5A2B4A18FB003C9640 /* VO2Badge.swift */ = {isa = PBXFileReference; lastKnownFileType = sourcecode.swift; path = VO2Badge.swift; sourceTree = "<group>"; };
		594FCD5C2B4A3845003C9640 /* VO2Chart.swift */ = {isa = PBXFileReference; lastKnownFileType = sourcecode.swift; path = VO2Chart.swift; sourceTree = "<group>"; };
		59511A9A2B33363E0071249A /* MeditationDoneSheet.swift */ = {isa = PBXFileReference; lastKnownFileType = sourcecode.swift; path = MeditationDoneSheet.swift; sourceTree = "<group>"; };
		59511A9C2B3336660071249A /* ReadingDoneSheet.swift */ = {isa = PBXFileReference; lastKnownFileType = sourcecode.swift; path = ReadingDoneSheet.swift; sourceTree = "<group>"; };
		59554E252B42982C0089BA88 /* TagsTodayView.swift */ = {isa = PBXFileReference; lastKnownFileType = sourcecode.swift; path = TagsTodayView.swift; sourceTree = "<group>"; };
		597550922B1FC3620070F60E /* FTGender.swift */ = {isa = PBXFileReference; lastKnownFileType = sourcecode.swift; path = FTGender.swift; sourceTree = "<group>"; };
		597550972B20E15D0070F60E /* MoveView.swift */ = {isa = PBXFileReference; lastKnownFileType = sourcecode.swift; path = MoveView.swift; sourceTree = "<group>"; };
		597550992B20E1650070F60E /* RestView.swift */ = {isa = PBXFileReference; lastKnownFileType = sourcecode.swift; path = RestView.swift; sourceTree = "<group>"; };
		5975509E2B226FA00070F60E /* FTTabItem.swift */ = {isa = PBXFileReference; lastKnownFileType = sourcecode.swift; path = FTTabItem.swift; sourceTree = "<group>"; };
		597550A62B27A1800070F60E /* FTActivity.swift */ = {isa = PBXFileReference; lastKnownFileType = sourcecode.swift; path = FTActivity.swift; sourceTree = "<group>"; };
		597550A82B27A1D50070F60E /* FTMeditate.swift */ = {isa = PBXFileReference; lastKnownFileType = sourcecode.swift; path = FTMeditate.swift; sourceTree = "<group>"; };
		597550AC2B27A2580070F60E /* FTMeditateType.swift */ = {isa = PBXFileReference; lastKnownFileType = sourcecode.swift; path = FTMeditateType.swift; sourceTree = "<group>"; };
		597A78A22B363C23002F1BA7 /* FTTimeFrame.swift */ = {isa = PBXFileReference; lastKnownFileType = sourcecode.swift; path = FTTimeFrame.swift; sourceTree = "<group>"; };
		597A78A42B365C37002F1BA7 /* RestItemView.swift */ = {isa = PBXFileReference; lastKnownFileType = sourcecode.swift; path = RestItemView.swift; sourceTree = "<group>"; };
		597A78A62B374DCE002F1BA7 /* RestStreaks.swift */ = {isa = PBXFileReference; lastKnownFileType = sourcecode.swift; path = RestStreaks.swift; sourceTree = "<group>"; };
		597A78A82B37CA35002F1BA7 /* RestStreakItem.swift */ = {isa = PBXFileReference; lastKnownFileType = sourcecode.swift; path = RestStreakItem.swift; sourceTree = "<group>"; };
		598117932B27D22B003FAEB0 /* MeditationsSheet.swift */ = {isa = PBXFileReference; lastKnownFileType = sourcecode.swift; path = MeditationsSheet.swift; sourceTree = "<group>"; };
		598117952B27F462003FAEB0 /* MeditatingView.swift */ = {isa = PBXFileReference; lastKnownFileType = sourcecode.swift; path = MeditatingView.swift; sourceTree = "<group>"; };
		598C4D572B4495BF00CD4745 /* TagsOldView.swift */ = {isa = PBXFileReference; lastKnownFileType = sourcecode.swift; path = TagsOldView.swift; sourceTree = "<group>"; };
		5997A6182B2917C800CDDF76 /* Info.plist */ = {isa = PBXFileReference; lastKnownFileType = text.plist; path = Info.plist; sourceTree = "<group>"; };
		5997A6192B295EBE00CDDF76 /* NotificationController.swift */ = {isa = PBXFileReference; lastKnownFileType = sourcecode.swift; path = NotificationController.swift; sourceTree = "<group>"; };
		59B57B332B2D13EE00FA949C /* JournalSheet.swift */ = {isa = PBXFileReference; lastKnownFileType = sourcecode.swift; path = JournalSheet.swift; sourceTree = "<group>"; };
		59B57B362B2D323C00FA949C /* TimerView.swift */ = {isa = PBXFileReference; lastKnownFileType = sourcecode.swift; path = TimerView.swift; sourceTree = "<group>"; };
		59B57B392B2D38B300FA949C /* BreathSheet.swift */ = {isa = PBXFileReference; lastKnownFileType = sourcecode.swift; path = BreathSheet.swift; sourceTree = "<group>"; };
		59B57B3B2B2D3E0D00FA949C /* Four78Section.swift */ = {isa = PBXFileReference; lastKnownFileType = sourcecode.swift; path = Four78Section.swift; sourceTree = "<group>"; };
		59B57B3D2B30CDCC00FA949C /* FTMood.swift */ = {isa = PBXFileReference; lastKnownFileType = sourcecode.swift; path = FTMood.swift; sourceTree = "<group>"; };
		59B57B3F2B30CF7F00FA949C /* FTTimeOfDay.swift */ = {isa = PBXFileReference; lastKnownFileType = sourcecode.swift; path = FTTimeOfDay.swift; sourceTree = "<group>"; };
		59B57B412B30D14D00FA949C /* FTReadGenre.swift */ = {isa = PBXFileReference; lastKnownFileType = sourcecode.swift; path = FTReadGenre.swift; sourceTree = "<group>"; };
		59B96AC62B2B9415003B5106 /* FTRead.swift */ = {isa = PBXFileReference; lastKnownFileType = sourcecode.swift; path = FTRead.swift; sourceTree = "<group>"; };
		59B96AC82B2B9462003B5106 /* FTReadType.swift */ = {isa = PBXFileReference; lastKnownFileType = sourcecode.swift; path = FTReadType.swift; sourceTree = "<group>"; };
		59B96ACC2B2B9738003B5106 /* ReadSheet.swift */ = {isa = PBXFileReference; lastKnownFileType = sourcecode.swift; path = ReadSheet.swift; sourceTree = "<group>"; };
		59B96AD02B2B9DAD003B5106 /* ReadingView.swift */ = {isa = PBXFileReference; lastKnownFileType = sourcecode.swift; path = ReadingView.swift; sourceTree = "<group>"; };
		59CAEE792B40C2BB000E5A52 /* SettingsMiscGroup.swift */ = {isa = PBXFileReference; lastKnownFileType = sourcecode.swift; path = SettingsMiscGroup.swift; sourceTree = "<group>"; };
		59CAEE7F2B40C761000E5A52 /* HomeZone2Today.swift */ = {isa = PBXFileReference; lastKnownFileType = sourcecode.swift; path = HomeZone2Today.swift; sourceTree = "<group>"; };
		59D0D14C2B44C37400DEB29A /* HomeOverall.swift */ = {isa = PBXFileReference; lastKnownFileType = sourcecode.swift; path = HomeOverall.swift; sourceTree = "<group>"; };
		59D0D14E2B45D25900DEB29A /* SettingsSweatGroup.swift */ = {isa = PBXFileReference; lastKnownFileType = sourcecode.swift; path = SettingsSweatGroup.swift; sourceTree = "<group>"; };
		59D0D1512B45D2FE00DEB29A /* SweatView.swift */ = {isa = PBXFileReference; lastKnownFileType = sourcecode.swift; path = SweatView.swift; sourceTree = "<group>"; };
		59D0D1532B461DF300DEB29A /* Four78ingView.swift */ = {isa = PBXFileReference; lastKnownFileType = sourcecode.swift; path = Four78ingView.swift; sourceTree = "<group>"; };
		59D0D1552B462BF200DEB29A /* BreathDoneSheet.swift */ = {isa = PBXFileReference; lastKnownFileType = sourcecode.swift; path = BreathDoneSheet.swift; sourceTree = "<group>"; };
		59D0D1592B4646D700DEB29A /* FTBreathStatus.swift */ = {isa = PBXFileReference; lastKnownFileType = sourcecode.swift; path = FTBreathStatus.swift; sourceTree = "<group>"; };
		59D0D15C2B47814600DEB29A /* TagView.swift */ = {isa = PBXFileReference; lastKnownFileType = sourcecode.swift; path = TagView.swift; sourceTree = "<group>"; };
		59D0D15E2B47831A00DEB29A /* FTTagStats.swift */ = {isa = PBXFileReference; lastKnownFileType = sourcecode.swift; path = FTTagStats.swift; sourceTree = "<group>"; };
		59D28FD42B1E84D9002799C4 /* WeekStepsBarChart.swift */ = {isa = PBXFileReference; lastKnownFileType = sourcecode.swift; path = WeekStepsBarChart.swift; sourceTree = "<group>"; };
		59D28FD72B1E8564002799C4 /* SettingsRestGroup.swift */ = {isa = PBXFileReference; lastKnownFileType = sourcecode.swift; path = SettingsRestGroup.swift; sourceTree = "<group>"; };
		59D28FE22B1EACDC002799C4 /* SettingsMoveGroup.swift */ = {isa = PBXFileReference; lastKnownFileType = sourcecode.swift; path = SettingsMoveGroup.swift; sourceTree = "<group>"; };
		59DAF3792B2C047A00BB12B5 /* FTBreathType.swift */ = {isa = PBXFileReference; lastKnownFileType = sourcecode.swift; path = FTBreathType.swift; sourceTree = "<group>"; };
		59DAF37B2B2C04B900BB12B5 /* FTBreath.swift */ = {isa = PBXFileReference; lastKnownFileType = sourcecode.swift; path = FTBreath.swift; sourceTree = "<group>"; };
		59DC47C52B1E6A1E00737EDE /* SettingsView.swift */ = {isa = PBXFileReference; lastKnownFileType = sourcecode.swift; path = SettingsView.swift; sourceTree = "<group>"; };
		59DFE25D2B42631100B02C23 /* HomeStepsCards.swift */ = {isa = PBXFileReference; lastKnownFileType = sourcecode.swift; path = HomeStepsCards.swift; sourceTree = "<group>"; };
		59DFE25F2B42640800B02C23 /* HomeZone2Cards.swift */ = {isa = PBXFileReference; lastKnownFileType = sourcecode.swift; path = HomeZone2Cards.swift; sourceTree = "<group>"; };
		59DFE2612B4264D100B02C23 /* HomeMindfulnessCards.swift */ = {isa = PBXFileReference; lastKnownFileType = sourcecode.swift; path = HomeMindfulnessCards.swift; sourceTree = "<group>"; };
		59DFE2632B42657300B02C23 /* HomeSunlightCards.swift */ = {isa = PBXFileReference; lastKnownFileType = sourcecode.swift; path = HomeSunlightCards.swift; sourceTree = "<group>"; };
		59DFE2652B42674200B02C23 /* SunlightDetailView.swift */ = {isa = PBXFileReference; lastKnownFileType = sourcecode.swift; path = SunlightDetailView.swift; sourceTree = "<group>"; };
		59DFE2672B4267CB00B02C23 /* WeekSunlightBarChart.swift */ = {isa = PBXFileReference; lastKnownFileType = sourcecode.swift; path = WeekSunlightBarChart.swift; sourceTree = "<group>"; };
		59DFE26A2B42720B00B02C23 /* FTTag.swift */ = {isa = PBXFileReference; lastKnownFileType = sourcecode.swift; path = FTTag.swift; sourceTree = "<group>"; };
		59DFE26C2B42721300B02C23 /* FTTagOption.swift */ = {isa = PBXFileReference; lastKnownFileType = sourcecode.swift; path = FTTagOption.swift; sourceTree = "<group>"; };
		59DFE26E2B42742700B02C23 /* FTTagType.swift */ = {isa = PBXFileReference; lastKnownFileType = sourcecode.swift; path = FTTagType.swift; sourceTree = "<group>"; };
		59DFE2702B42766400B02C23 /* TagSheet.swift */ = {isa = PBXFileReference; lastKnownFileType = sourcecode.swift; path = TagSheet.swift; sourceTree = "<group>"; };
		59F2DB232B48578A00FD0137 /* FTTagSort.swift */ = {isa = PBXFileReference; lastKnownFileType = sourcecode.swift; path = FTTagSort.swift; sourceTree = "<group>"; };
		59F2DB252B48782100FD0137 /* StatRow.swift */ = {isa = PBXFileReference; lastKnownFileType = sourcecode.swift; path = StatRow.swift; sourceTree = "<group>"; };
		59FCB7E62B3D1BC0004C64B0 /* HomeStatCard.swift */ = {isa = PBXFileReference; lastKnownFileType = sourcecode.swift; path = HomeStatCard.swift; sourceTree = "<group>"; };
		59FCB7F02B3E2C2A004C64B0 /* HomeStepsToday.swift */ = {isa = PBXFileReference; lastKnownFileType = sourcecode.swift; path = HomeStepsToday.swift; sourceTree = "<group>"; };
		59FCB7F22B3E2D6B004C64B0 /* HomeStepsPastWeek.swift */ = {isa = PBXFileReference; lastKnownFileType = sourcecode.swift; path = HomeStepsPastWeek.swift; sourceTree = "<group>"; };
		59FCB7F62B3E44F2004C64B0 /* HomeSunlightToday.swift */ = {isa = PBXFileReference; lastKnownFileType = sourcecode.swift; path = HomeSunlightToday.swift; sourceTree = "<group>"; };
/* End PBXFileReference section */

/* Begin PBXFrameworksBuildPhase section */
		5912D18E2B1BB78D00E78D6E /* Frameworks */ = {
			isa = PBXFrameworksBuildPhase;
			buildActionMask = 2147483647;
			files = (
			);
			runOnlyForDeploymentPostprocessing = 0;
		};
/* End PBXFrameworksBuildPhase section */

/* Begin PBXGroup section */
		5912D1882B1BB78D00E78D6E = {
			isa = PBXGroup;
			children = (
				5912D1932B1BB78D00E78D6E /* fourtold */,
				5912D1922B1BB78D00E78D6E /* Products */,
			);
			sourceTree = "<group>";
		};
		5912D1922B1BB78D00E78D6E /* Products */ = {
			isa = PBXGroup;
			children = (
				5912D1912B1BB78D00E78D6E /* fourtold.app */,
			);
			name = Products;
			sourceTree = "<group>";
		};
		5912D1932B1BB78D00E78D6E /* fourtold */ = {
			isa = PBXGroup;
			children = (
				5997A6182B2917C800CDDF76 /* Info.plist */,
				5912D1A22B1BB7DF00E78D6E /* fourtold.entitlements */,
				5912D1942B1BB78D00E78D6E /* fourtoldApp.swift */,
				59DC47C72B1E809F00737EDE /* Views */,
				59DC47C92B1E80B900737EDE /* Helpers */,
				59DC47C82B1E80A600737EDE /* Controller */,
				59D28FD92B1E85ED002799C4 /* Model */,
				5912D1982B1BB78F00E78D6E /* Assets.xcassets */,
				5912D19A2B1BB78F00E78D6E /* Preview Content */,
			);
			path = fourtold;
			sourceTree = "<group>";
		};
		5912D19A2B1BB78F00E78D6E /* Preview Content */ = {
			isa = PBXGroup;
			children = (
				5912D19B2B1BB78F00E78D6E /* Preview Assets.xcassets */,
			);
			path = "Preview Content";
			sourceTree = "<group>";
		};
		597550942B20E1240070F60E /* Move */ = {
			isa = PBXGroup;
			children = (
				597550972B20E15D0070F60E /* MoveView.swift */,
				5912D1A52B1BE00B00E78D6E /* WeekStepsDetailView.swift */,
				59D28FD42B1E84D9002799C4 /* WeekStepsBarChart.swift */,
			);
			path = Move;
			sourceTree = "<group>";
		};
		597550952B20E1310070F60E /* Rest */ = {
			isa = PBXGroup;
			children = (
				597550992B20E1650070F60E /* RestView.swift */,
				590E17A72B33AD9B00269FA4 /* RestTodayActivities.swift */,
				590E17A92B33B06E00269FA4 /* RestOldActivities.swift */,
				597A78A42B365C37002F1BA7 /* RestItemView.swift */,
				59B57B382B2D356A00FA949C /* Breath */,
				59B57B322B2D13DB00FA949C /* Journal */,
				59B96ACB2B2B969A003B5106 /* Read */,
				59B96ACA2B2B9691003B5106 /* Meditate */,
				59EF3A7E2B328F4B00BDBB7F /* Stats */,
			);
			path = Rest;
			sourceTree = "<group>";
		};
		59B57B322B2D13DB00FA949C /* Journal */ = {
			isa = PBXGroup;
			children = (
				59B57B332B2D13EE00FA949C /* JournalSheet.swift */,
			);
			path = Journal;
			sourceTree = "<group>";
		};
		59B57B352B2D322500FA949C /* Shared */ = {
			isa = PBXGroup;
			children = (
				59B57B362B2D323C00FA949C /* TimerView.swift */,
				591CC1E12B32074200B731B7 /* MoodPicker.swift */,
				59F2DB252B48782100FD0137 /* StatRow.swift */,
			);
			path = Shared;
			sourceTree = "<group>";
		};
		59B57B382B2D356A00FA949C /* Breath */ = {
			isa = PBXGroup;
			children = (
				59B57B392B2D38B300FA949C /* BreathSheet.swift */,
				59B57B3B2B2D3E0D00FA949C /* Four78Section.swift */,
				594F09772B4E0B100010E544 /* BoxSection.swift */,
				59D0D1532B461DF300DEB29A /* Four78ingView.swift */,
				59D0D1552B462BF200DEB29A /* BreathDoneSheet.swift */,
				594F097B2B506B8F0010E544 /* BoxingView.swift */,
			);
			path = Breath;
			sourceTree = "<group>";
		};
		59B57B432B30D40C00FA949C /* Read */ = {
			isa = PBXGroup;
			children = (
				59B96AC62B2B9415003B5106 /* FTRead.swift */,
				59B96AC82B2B9462003B5106 /* FTReadType.swift */,
				59B57B412B30D14D00FA949C /* FTReadGenre.swift */,
			);
			path = Read;
			sourceTree = "<group>";
		};
		59B57B442B30D42000FA949C /* Breath */ = {
			isa = PBXGroup;
			children = (
				59DAF3792B2C047A00BB12B5 /* FTBreathType.swift */,
				59DAF37B2B2C04B900BB12B5 /* FTBreath.swift */,
				59D0D1592B4646D700DEB29A /* FTBreathStatus.swift */,
			);
			path = Breath;
			sourceTree = "<group>";
		};
		59B57B452B30D42D00FA949C /* Meditate */ = {
			isa = PBXGroup;
			children = (
				597550A82B27A1D50070F60E /* FTMeditate.swift */,
				597550AC2B27A2580070F60E /* FTMeditateType.swift */,
			);
			path = Meditate;
			sourceTree = "<group>";
		};
		59B96ACA2B2B9691003B5106 /* Meditate */ = {
			isa = PBXGroup;
			children = (
				598117932B27D22B003FAEB0 /* MeditationsSheet.swift */,
				598117952B27F462003FAEB0 /* MeditatingView.swift */,
				59511A9A2B33363E0071249A /* MeditationDoneSheet.swift */,
			);
			path = Meditate;
			sourceTree = "<group>";
		};
		59B96ACB2B2B969A003B5106 /* Read */ = {
			isa = PBXGroup;
			children = (
				59B96ACC2B2B9738003B5106 /* ReadSheet.swift */,
				59B96AD02B2B9DAD003B5106 /* ReadingView.swift */,
				59511A9C2B3336660071249A /* ReadingDoneSheet.swift */,
			);
			path = Read;
			sourceTree = "<group>";
		};
		59CAEE7B2B40C6EC000E5A52 /* Steps */ = {
			isa = PBXGroup;
			children = (
				59DFE25D2B42631100B02C23 /* HomeStepsCards.swift */,
				59FCB7F02B3E2C2A004C64B0 /* HomeStepsToday.swift */,
				59FCB7F22B3E2D6B004C64B0 /* HomeStepsPastWeek.swift */,
			);
			path = Steps;
			sourceTree = "<group>";
		};
		59CAEE7C2B40C70E000E5A52 /* Mindfulness */ = {
			isa = PBXGroup;
			children = (
				59DFE2612B4264D100B02C23 /* HomeMindfulnessCards.swift */,
				594889022B2A885E003FD4C8 /* HomeMindfulnessToday.swift */,
				590539872B410BF9007AE8EF /* HomeMindfulnessPastWeek.swift */,
			);
			path = Mindfulness;
			sourceTree = "<group>";
		};
		59CAEE7D2B40C716000E5A52 /* Sunlight */ = {
			isa = PBXGroup;
			children = (
				59DFE2632B42657300B02C23 /* HomeSunlightCards.swift */,
				59FCB7F62B3E44F2004C64B0 /* HomeSunlightToday.swift */,
				5905FE9C2B41D7B500D2CD66 /* HomeSunlightPastWeek.swift */,
				59DFE2652B42674200B02C23 /* SunlightDetailView.swift */,
				59DFE2672B4267CB00B02C23 /* WeekSunlightBarChart.swift */,
			);
			path = Sunlight;
			sourceTree = "<group>";
		};
		59CAEE7E2B40C725000E5A52 /* Zone 2 */ = {
			isa = PBXGroup;
			children = (
				59DFE25F2B42640800B02C23 /* HomeZone2Cards.swift */,
				59CAEE7F2B40C761000E5A52 /* HomeZone2Today.swift */,
				5905397F2B40DCD2007AE8EF /* HomeZone2PastWeek.swift */,
			);
			path = "Zone 2";
			sourceTree = "<group>";
		};
		59D0D1502B45D2EC00DEB29A /* Sweat */ = {
			isa = PBXGroup;
			children = (
				59D0D1512B45D2FE00DEB29A /* SweatView.swift */,
				5905FE9E2B424A8800D2CD66 /* WeekZone2DetailView.swift */,
				5905FEA02B424AB300D2CD66 /* WeekZone2BarChart.swift */,
				594FCD5C2B4A3845003C9640 /* VO2Chart.swift */,
				594FCD5A2B4A18FB003C9640 /* VO2Badge.swift */,
				594F097D2B506BDC0010E544 /* RHRChart.swift */,
				594F09812B506DE90010E544 /* RHRBadge.swift */,
				5912322F2B50C6D8004C50D6 /* RecoveryChart.swift */,
				594F09872B50C4990010E544 /* RecoveryBadge.swift */,
			);
			path = Sweat;
			sourceTree = "<group>";
		};
		59D0D15B2B47813500DEB29A /* Tag */ = {
			isa = PBXGroup;
			children = (
				59D0D15C2B47814600DEB29A /* TagView.swift */,
				594FCD532B48FA19003C9640 /* TagDetails.swift */,
				59DFE2702B42766400B02C23 /* TagSheet.swift */,
				593A560E2B42953A008DBC0E /* TagOptionPicker.swift */,
				59554E252B42982C0089BA88 /* TagsTodayView.swift */,
				598C4D572B4495BF00CD4745 /* TagsOldView.swift */,
			);
			path = Tag;
			sourceTree = "<group>";
		};
		59D28FD12B1E8274002799C4 /* Home */ = {
			isa = PBXGroup;
			children = (
				5905FE9A2B41D77700D2CD66 /* HomeView.swift */,
				59D0D14C2B44C37400DEB29A /* HomeOverall.swift */,
				59FCB7E62B3D1BC0004C64B0 /* HomeStatCard.swift */,
				59CAEE7B2B40C6EC000E5A52 /* Steps */,
				59CAEE7E2B40C725000E5A52 /* Zone 2 */,
				59CAEE7C2B40C70E000E5A52 /* Mindfulness */,
				59CAEE7D2B40C716000E5A52 /* Sunlight */,
			);
			path = Home;
			sourceTree = "<group>";
		};
		59D28FD62B1E8533002799C4 /* Settings */ = {
			isa = PBXGroup;
			children = (
				59DC47C52B1E6A1E00737EDE /* SettingsView.swift */,
				590432AA2B1FC1370012F0FA /* SettingsUserInfoGroup.swift */,
				59D28FD72B1E8564002799C4 /* SettingsRestGroup.swift */,
				59D28FE22B1EACDC002799C4 /* SettingsMoveGroup.swift */,
				59D0D14E2B45D25900DEB29A /* SettingsSweatGroup.swift */,
				59CAEE792B40C2BB000E5A52 /* SettingsMiscGroup.swift */,
			);
			path = Settings;
			sourceTree = "<group>";
		};
		59D28FD92B1E85ED002799C4 /* Model */ = {
			isa = PBXGroup;
			children = (
				5975509E2B226FA00070F60E /* FTTabItem.swift */,
				597550922B1FC3620070F60E /* FTGender.swift */,
				597550A62B27A1800070F60E /* FTActivity.swift */,
				59B57B3D2B30CDCC00FA949C /* FTMood.swift */,
				59B57B3F2B30CF7F00FA949C /* FTTimeOfDay.swift */,
				597A78A22B363C23002F1BA7 /* FTTimeFrame.swift */,
				594FCD582B49DE76003C9640 /* VO2.swift */,
				594F097F2B506D9B0010E544 /* RHR.swift */,
				59B57B442B30D42000FA949C /* Breath */,
				59B57B452B30D42D00FA949C /* Meditate */,
				59B57B432B30D40C00FA949C /* Read */,
				59FCB7E52B3CFCC6004C64B0 /* Tag */,
				594F09892B50C65D0010E544 /* Recovery.swift */,
			);
			path = Model;
			sourceTree = "<group>";
		};
		59DC47C72B1E809F00737EDE /* Views */ = {
			isa = PBXGroup;
			children = (
				5912D1962B1BB78D00E78D6E /* ContentView.swift */,
				59B57B352B2D322500FA949C /* Shared */,
				59D28FD62B1E8533002799C4 /* Settings */,
				59D28FD12B1E8274002799C4 /* Home */,
				597550942B20E1240070F60E /* Move */,
				59D0D1502B45D2EC00DEB29A /* Sweat */,
				597550952B20E1310070F60E /* Rest */,
				59D0D15B2B47813500DEB29A /* Tag */,
			);
			path = Views;
			sourceTree = "<group>";
		};
		59DC47C82B1E80A600737EDE /* Controller */ = {
			isa = PBXGroup;
			children = (
				5912D1A32B1BB90500E78D6E /* HealthKitController.swift */,
				5997A6192B295EBE00CDDF76 /* NotificationController.swift */,
			);
			path = Controller;
			sourceTree = "<group>";
		};
		59DC47C92B1E80B900737EDE /* Helpers */ = {
			isa = PBXGroup;
			children = (
				590861E42B1E5C790040DC72 /* Constants.swift */,
				594888FE2B296938003FD4C8 /* Extensions.swift */,
			);
			path = Helpers;
			sourceTree = "<group>";
		};
		59EF3A7E2B328F4B00BDBB7F /* Stats */ = {
			isa = PBXGroup;
			children = (
				597A78A62B374DCE002F1BA7 /* RestStreaks.swift */,
				597A78A82B37CA35002F1BA7 /* RestStreakItem.swift */,
				594B28962B39310A004F8BD6 /* RestMinutes.swift */,
				594889082B2A8EF8003FD4C8 /* WeekRestMinutesBarChart.swift */,
				594889062B2A8E60003FD4C8 /* WeekRestMinutesDetailView.swift */,
				594B28942B392728004F8BD6 /* StatItem.swift */,
			);
			path = Stats;
			sourceTree = "<group>";
		};
		59FCB7E52B3CFCC6004C64B0 /* Tag */ = {
			isa = PBXGroup;
			children = (
				59DFE26A2B42720B00B02C23 /* FTTag.swift */,
				59DFE26C2B42721300B02C23 /* FTTagOption.swift */,
				59DFE26E2B42742700B02C23 /* FTTagType.swift */,
				59D0D15E2B47831A00DEB29A /* FTTagStats.swift */,
				59F2DB232B48578A00FD0137 /* FTTagSort.swift */,
				594FCD512B48F83B003C9640 /* FTTagSubStats.swift */,
			);
			path = Tag;
			sourceTree = "<group>";
		};
/* End PBXGroup section */

/* Begin PBXNativeTarget section */
		5912D1902B1BB78D00E78D6E /* fourtold */ = {
			isa = PBXNativeTarget;
			buildConfigurationList = 5912D19F2B1BB78F00E78D6E /* Build configuration list for PBXNativeTarget "fourtold" */;
			buildPhases = (
				5912D18D2B1BB78D00E78D6E /* Sources */,
				5912D18E2B1BB78D00E78D6E /* Frameworks */,
				5912D18F2B1BB78D00E78D6E /* Resources */,
			);
			buildRules = (
			);
			dependencies = (
			);
			name = fourtold;
			productName = fourtold;
			productReference = 5912D1912B1BB78D00E78D6E /* fourtold.app */;
			productType = "com.apple.product-type.application";
		};
/* End PBXNativeTarget section */

/* Begin PBXProject section */
		5912D1892B1BB78D00E78D6E /* Project object */ = {
			isa = PBXProject;
			attributes = {
				BuildIndependentTargetsInParallel = 1;
				LastSwiftUpdateCheck = 1500;
				LastUpgradeCheck = 1500;
				TargetAttributes = {
					5912D1902B1BB78D00E78D6E = {
						CreatedOnToolsVersion = 15.0.1;
					};
				};
			};
			buildConfigurationList = 5912D18C2B1BB78D00E78D6E /* Build configuration list for PBXProject "fourtold" */;
			compatibilityVersion = "Xcode 14.0";
			developmentRegion = en;
			hasScannedForEncodings = 0;
			knownRegions = (
				en,
				Base,
			);
			mainGroup = 5912D1882B1BB78D00E78D6E;
			productRefGroup = 5912D1922B1BB78D00E78D6E /* Products */;
			projectDirPath = "";
			projectRoot = "";
			targets = (
				5912D1902B1BB78D00E78D6E /* fourtold */,
			);
		};
/* End PBXProject section */

/* Begin PBXResourcesBuildPhase section */
		5912D18F2B1BB78D00E78D6E /* Resources */ = {
			isa = PBXResourcesBuildPhase;
			buildActionMask = 2147483647;
			files = (
				5912D19C2B1BB78F00E78D6E /* Preview Assets.xcassets in Resources */,
				5912D1992B1BB78F00E78D6E /* Assets.xcassets in Resources */,
			);
			runOnlyForDeploymentPostprocessing = 0;
		};
/* End PBXResourcesBuildPhase section */

/* Begin PBXSourcesBuildPhase section */
		5912D18D2B1BB78D00E78D6E /* Sources */ = {
			isa = PBXSourcesBuildPhase;
			buildActionMask = 2147483647;
			files = (
				59DC47C62B1E6A1E00737EDE /* SettingsView.swift in Sources */,
				59D28FD52B1E84D9002799C4 /* WeekStepsBarChart.swift in Sources */,
				59B96AD12B2B9DAD003B5106 /* ReadingView.swift in Sources */,
				59DAF37A2B2C047A00BB12B5 /* FTBreathType.swift in Sources */,
				590539882B410BF9007AE8EF /* HomeMindfulnessPastWeek.swift in Sources */,
				594FCD542B48FA19003C9640 /* TagDetails.swift in Sources */,
				597550A92B27A1D50070F60E /* FTMeditate.swift in Sources */,
				590432AB2B1FC1370012F0FA /* SettingsUserInfoGroup.swift in Sources */,
				593A560F2B42953B008DBC0E /* TagOptionPicker.swift in Sources */,
				594F097E2B506BDC0010E544 /* RHRChart.swift in Sources */,
				59B57B372B2D323C00FA949C /* TimerView.swift in Sources */,
				594B28972B39310A004F8BD6 /* RestMinutes.swift in Sources */,
				5905FE9B2B41D77700D2CD66 /* HomeView.swift in Sources */,
				59DFE2682B4267CB00B02C23 /* WeekSunlightBarChart.swift in Sources */,
				59D0D14F2B45D25900DEB29A /* SettingsSweatGroup.swift in Sources */,
				591232302B50C6D8004C50D6 /* RecoveryChart.swift in Sources */,
				5905FE9D2B41D7B500D2CD66 /* HomeSunlightPastWeek.swift in Sources */,
				594F09802B506D9B0010E544 /* RHR.swift in Sources */,
				59FCB7F32B3E2D6B004C64B0 /* HomeStepsPastWeek.swift in Sources */,
				59D28FE32B1EACDC002799C4 /* SettingsMoveGroup.swift in Sources */,
				59DFE2712B42766400B02C23 /* TagSheet.swift in Sources */,
				59554E262B42982C0089BA88 /* TagsTodayView.swift in Sources */,
				59511A9B2B33363E0071249A /* MeditationDoneSheet.swift in Sources */,
				59DFE26D2B42721300B02C23 /* FTTagOption.swift in Sources */,
				5912D1972B1BB78D00E78D6E /* ContentView.swift in Sources */,
				594888FF2B296938003FD4C8 /* Extensions.swift in Sources */,
				59DFE2602B42640800B02C23 /* HomeZone2Cards.swift in Sources */,
				59B57B422B30D14D00FA949C /* FTReadGenre.swift in Sources */,
				594FCD522B48F83B003C9640 /* FTTagSubStats.swift in Sources */,
				597550982B20E15D0070F60E /* MoveView.swift in Sources */,
				59B96AC72B2B9415003B5106 /* FTRead.swift in Sources */,
				59D0D15D2B47814600DEB29A /* TagView.swift in Sources */,
				59B57B3E2B30CDCC00FA949C /* FTMood.swift in Sources */,
				590E17A82B33AD9B00269FA4 /* RestTodayActivities.swift in Sources */,
				5997A61A2B295EBE00CDDF76 /* NotificationController.swift in Sources */,
				5905FEA12B424AB300D2CD66 /* WeekZone2BarChart.swift in Sources */,
				59DFE26B2B42720B00B02C23 /* FTTag.swift in Sources */,
				594889032B2A885E003FD4C8 /* HomeMindfulnessToday.swift in Sources */,
				5912D1A62B1BE00B00E78D6E /* WeekStepsDetailView.swift in Sources */,
				598117962B27F462003FAEB0 /* MeditatingView.swift in Sources */,
				594FCD592B49DE76003C9640 /* VO2.swift in Sources */,
				59D0D1522B45D2FE00DEB29A /* SweatView.swift in Sources */,
				5975509A2B20E1650070F60E /* RestView.swift in Sources */,
				59B96ACD2B2B9738003B5106 /* ReadSheet.swift in Sources */,
				590E17AA2B33B06E00269FA4 /* RestOldActivities.swift in Sources */,
				594F098A2B50C65D0010E544 /* Recovery.swift in Sources */,
				594FCD5D2B4A3845003C9640 /* VO2Chart.swift in Sources */,
				59FCB7F12B3E2C2A004C64B0 /* HomeStepsToday.swift in Sources */,
				591CC1E22B32074200B731B7 /* MoodPicker.swift in Sources */,
				597550AD2B27A2580070F60E /* FTMeditateType.swift in Sources */,
				59F2DB262B48782100FD0137 /* StatRow.swift in Sources */,
				59D0D15F2B47831A00DEB29A /* FTTagStats.swift in Sources */,
				59D0D14D2B44C37400DEB29A /* HomeOverall.swift in Sources */,
				598C4D582B4495BF00CD4745 /* TagsOldView.swift in Sources */,
				59DFE2662B42674200B02C23 /* SunlightDetailView.swift in Sources */,
				59D28FD82B1E8564002799C4 /* SettingsRestGroup.swift in Sources */,
				594FCD5B2B4A18FB003C9640 /* VO2Badge.swift in Sources */,
				5905FE9F2B424A8800D2CD66 /* WeekZone2DetailView.swift in Sources */,
				597A78A72B374DCE002F1BA7 /* RestStreaks.swift in Sources */,
				5912D1952B1BB78D00E78D6E /* fourtoldApp.swift in Sources */,
				59D0D1542B461DF300DEB29A /* Four78ingView.swift in Sources */,
				59D0D15A2B4646D700DEB29A /* FTBreathStatus.swift in Sources */,
				59511A9D2B3336660071249A /* ReadingDoneSheet.swift in Sources */,
				59DFE2642B42657300B02C23 /* HomeSunlightCards.swift in Sources */,
				59B57B402B30CF7F00FA949C /* FTTimeOfDay.swift in Sources */,
				594F09882B50C4990010E544 /* RecoveryBadge.swift in Sources */,
				59B57B3C2B2D3E0E00FA949C /* Four78Section.swift in Sources */,
				597550A72B27A1800070F60E /* FTActivity.swift in Sources */,
				59B57B3A2B2D38B300FA949C /* BreathSheet.swift in Sources */,
				59CAEE802B40C761000E5A52 /* HomeZone2Today.swift in Sources */,
				59DFE26F2B42742700B02C23 /* FTTagType.swift in Sources */,
				594F09782B4E0B100010E544 /* BoxSection.swift in Sources */,
				59DFE2622B4264D100B02C23 /* HomeMindfulnessCards.swift in Sources */,
				594889072B2A8E60003FD4C8 /* WeekRestMinutesDetailView.swift in Sources */,
				59FCB7F72B3E44F2004C64B0 /* HomeSunlightToday.swift in Sources */,
				5912D1A42B1BB90500E78D6E /* HealthKitController.swift in Sources */,
				597A78A92B37CA35002F1BA7 /* RestStreakItem.swift in Sources */,
				597550932B1FC3620070F60E /* FTGender.swift in Sources */,
				594889092B2A8EF8003FD4C8 /* WeekRestMinutesBarChart.swift in Sources */,
				59B96AC92B2B9462003B5106 /* FTReadType.swift in Sources */,
				59FCB7E72B3D1BC0004C64B0 /* HomeStatCard.swift in Sources */,
				59F2DB242B48578A00FD0137 /* FTTagSort.swift in Sources */,
				59DFE25E2B42631100B02C23 /* HomeStepsCards.swift in Sources */,
				597A78A32B363C23002F1BA7 /* FTTimeFrame.swift in Sources */,
				590539802B40DCD2007AE8EF /* HomeZone2PastWeek.swift in Sources */,
				59CAEE7A2B40C2BB000E5A52 /* SettingsMiscGroup.swift in Sources */,
				594B28952B392728004F8BD6 /* StatItem.swift in Sources */,
				597A78A52B365C37002F1BA7 /* RestItemView.swift in Sources */,
				5975509F2B226FA00070F60E /* FTTabItem.swift in Sources */,
				590861E52B1E5C790040DC72 /* Constants.swift in Sources */,
				59DAF37C2B2C04B900BB12B5 /* FTBreath.swift in Sources */,
				59B57B342B2D13EE00FA949C /* JournalSheet.swift in Sources */,
				594F09822B506DE90010E544 /* RHRBadge.swift in Sources */,
				59D0D1562B462BF200DEB29A /* BreathDoneSheet.swift in Sources */,
				598117942B27D22B003FAEB0 /* MeditationsSheet.swift in Sources */,
				594F097C2B506B8F0010E544 /* BoxingView.swift in Sources */,
			);
			runOnlyForDeploymentPostprocessing = 0;
		};
/* End PBXSourcesBuildPhase section */

/* Begin XCBuildConfiguration section */
		5912D19D2B1BB78F00E78D6E /* Debug */ = {
			isa = XCBuildConfiguration;
			buildSettings = {
				ALWAYS_SEARCH_USER_PATHS = NO;
				ASSETCATALOG_COMPILER_GENERATE_SWIFT_ASSET_SYMBOL_EXTENSIONS = YES;
				CLANG_ANALYZER_NONNULL = YES;
				CLANG_ANALYZER_NUMBER_OBJECT_CONVERSION = YES_AGGRESSIVE;
				CLANG_CXX_LANGUAGE_STANDARD = "gnu++20";
				CLANG_ENABLE_MODULES = YES;
				CLANG_ENABLE_OBJC_ARC = YES;
				CLANG_ENABLE_OBJC_WEAK = YES;
				CLANG_WARN_BLOCK_CAPTURE_AUTORELEASING = YES;
				CLANG_WARN_BOOL_CONVERSION = YES;
				CLANG_WARN_COMMA = YES;
				CLANG_WARN_CONSTANT_CONVERSION = YES;
				CLANG_WARN_DEPRECATED_OBJC_IMPLEMENTATIONS = YES;
				CLANG_WARN_DIRECT_OBJC_ISA_USAGE = YES_ERROR;
				CLANG_WARN_DOCUMENTATION_COMMENTS = YES;
				CLANG_WARN_EMPTY_BODY = YES;
				CLANG_WARN_ENUM_CONVERSION = YES;
				CLANG_WARN_INFINITE_RECURSION = YES;
				CLANG_WARN_INT_CONVERSION = YES;
				CLANG_WARN_NON_LITERAL_NULL_CONVERSION = YES;
				CLANG_WARN_OBJC_IMPLICIT_RETAIN_SELF = YES;
				CLANG_WARN_OBJC_LITERAL_CONVERSION = YES;
				CLANG_WARN_OBJC_ROOT_CLASS = YES_ERROR;
				CLANG_WARN_QUOTED_INCLUDE_IN_FRAMEWORK_HEADER = YES;
				CLANG_WARN_RANGE_LOOP_ANALYSIS = YES;
				CLANG_WARN_STRICT_PROTOTYPES = YES;
				CLANG_WARN_SUSPICIOUS_MOVE = YES;
				CLANG_WARN_UNGUARDED_AVAILABILITY = YES_AGGRESSIVE;
				CLANG_WARN_UNREACHABLE_CODE = YES;
				CLANG_WARN__DUPLICATE_METHOD_MATCH = YES;
				COPY_PHASE_STRIP = NO;
				DEBUG_INFORMATION_FORMAT = dwarf;
				ENABLE_STRICT_OBJC_MSGSEND = YES;
				ENABLE_TESTABILITY = YES;
				ENABLE_USER_SCRIPT_SANDBOXING = YES;
				GCC_C_LANGUAGE_STANDARD = gnu17;
				GCC_DYNAMIC_NO_PIC = NO;
				GCC_NO_COMMON_BLOCKS = YES;
				GCC_OPTIMIZATION_LEVEL = 0;
				GCC_PREPROCESSOR_DEFINITIONS = (
					"DEBUG=1",
					"$(inherited)",
				);
				GCC_WARN_64_TO_32_BIT_CONVERSION = YES;
				GCC_WARN_ABOUT_RETURN_TYPE = YES_ERROR;
				GCC_WARN_UNDECLARED_SELECTOR = YES;
				GCC_WARN_UNINITIALIZED_AUTOS = YES_AGGRESSIVE;
				GCC_WARN_UNUSED_FUNCTION = YES;
				GCC_WARN_UNUSED_VARIABLE = YES;
				IPHONEOS_DEPLOYMENT_TARGET = 17.0;
				LOCALIZATION_PREFERS_STRING_CATALOGS = YES;
				MTL_ENABLE_DEBUG_INFO = INCLUDE_SOURCE;
				MTL_FAST_MATH = YES;
				ONLY_ACTIVE_ARCH = YES;
				SDKROOT = iphoneos;
				SWIFT_ACTIVE_COMPILATION_CONDITIONS = "DEBUG $(inherited)";
				SWIFT_OPTIMIZATION_LEVEL = "-Onone";
			};
			name = Debug;
		};
		5912D19E2B1BB78F00E78D6E /* Release */ = {
			isa = XCBuildConfiguration;
			buildSettings = {
				ALWAYS_SEARCH_USER_PATHS = NO;
				ASSETCATALOG_COMPILER_GENERATE_SWIFT_ASSET_SYMBOL_EXTENSIONS = YES;
				CLANG_ANALYZER_NONNULL = YES;
				CLANG_ANALYZER_NUMBER_OBJECT_CONVERSION = YES_AGGRESSIVE;
				CLANG_CXX_LANGUAGE_STANDARD = "gnu++20";
				CLANG_ENABLE_MODULES = YES;
				CLANG_ENABLE_OBJC_ARC = YES;
				CLANG_ENABLE_OBJC_WEAK = YES;
				CLANG_WARN_BLOCK_CAPTURE_AUTORELEASING = YES;
				CLANG_WARN_BOOL_CONVERSION = YES;
				CLANG_WARN_COMMA = YES;
				CLANG_WARN_CONSTANT_CONVERSION = YES;
				CLANG_WARN_DEPRECATED_OBJC_IMPLEMENTATIONS = YES;
				CLANG_WARN_DIRECT_OBJC_ISA_USAGE = YES_ERROR;
				CLANG_WARN_DOCUMENTATION_COMMENTS = YES;
				CLANG_WARN_EMPTY_BODY = YES;
				CLANG_WARN_ENUM_CONVERSION = YES;
				CLANG_WARN_INFINITE_RECURSION = YES;
				CLANG_WARN_INT_CONVERSION = YES;
				CLANG_WARN_NON_LITERAL_NULL_CONVERSION = YES;
				CLANG_WARN_OBJC_IMPLICIT_RETAIN_SELF = YES;
				CLANG_WARN_OBJC_LITERAL_CONVERSION = YES;
				CLANG_WARN_OBJC_ROOT_CLASS = YES_ERROR;
				CLANG_WARN_QUOTED_INCLUDE_IN_FRAMEWORK_HEADER = YES;
				CLANG_WARN_RANGE_LOOP_ANALYSIS = YES;
				CLANG_WARN_STRICT_PROTOTYPES = YES;
				CLANG_WARN_SUSPICIOUS_MOVE = YES;
				CLANG_WARN_UNGUARDED_AVAILABILITY = YES_AGGRESSIVE;
				CLANG_WARN_UNREACHABLE_CODE = YES;
				CLANG_WARN__DUPLICATE_METHOD_MATCH = YES;
				COPY_PHASE_STRIP = NO;
				DEBUG_INFORMATION_FORMAT = "dwarf-with-dsym";
				ENABLE_NS_ASSERTIONS = NO;
				ENABLE_STRICT_OBJC_MSGSEND = YES;
				ENABLE_USER_SCRIPT_SANDBOXING = YES;
				GCC_C_LANGUAGE_STANDARD = gnu17;
				GCC_NO_COMMON_BLOCKS = YES;
				GCC_WARN_64_TO_32_BIT_CONVERSION = YES;
				GCC_WARN_ABOUT_RETURN_TYPE = YES_ERROR;
				GCC_WARN_UNDECLARED_SELECTOR = YES;
				GCC_WARN_UNINITIALIZED_AUTOS = YES_AGGRESSIVE;
				GCC_WARN_UNUSED_FUNCTION = YES;
				GCC_WARN_UNUSED_VARIABLE = YES;
				IPHONEOS_DEPLOYMENT_TARGET = 17.0;
				LOCALIZATION_PREFERS_STRING_CATALOGS = YES;
				MTL_ENABLE_DEBUG_INFO = NO;
				MTL_FAST_MATH = YES;
				SDKROOT = iphoneos;
				SWIFT_COMPILATION_MODE = wholemodule;
				VALIDATE_PRODUCT = YES;
			};
			name = Release;
		};
		5912D1A02B1BB78F00E78D6E /* Debug */ = {
			isa = XCBuildConfiguration;
			buildSettings = {
				ASSETCATALOG_COMPILER_APPICON_NAME = AppIcon;
				ASSETCATALOG_COMPILER_GLOBAL_ACCENT_COLOR_NAME = AccentColor;
				CODE_SIGN_ENTITLEMENTS = fourtold/fourtold.entitlements;
				CODE_SIGN_STYLE = Automatic;
				CURRENT_PROJECT_VERSION = 98;
				DEVELOPMENT_ASSET_PATHS = "\"fourtold/Preview Content\"";
				DEVELOPMENT_TEAM = 9DTKH8BRLR;
				ENABLE_PREVIEWS = YES;
				GENERATE_INFOPLIST_FILE = YES;
				INFOPLIST_FILE = fourtold/Info.plist;
				INFOPLIST_KEY_CFBundleDisplayName = 4told;
				INFOPLIST_KEY_LSApplicationCategoryType = "public.app-category.healthcare-fitness";
				INFOPLIST_KEY_NSHealthShareUsageDescription = "Read Apple Health data to show in the app";
				INFOPLIST_KEY_NSHealthUpdateUsageDescription = "Write app data to Apple Health";
				INFOPLIST_KEY_UIApplicationSceneManifest_Generation = YES;
				INFOPLIST_KEY_UIApplicationSupportsIndirectInputEvents = YES;
				INFOPLIST_KEY_UILaunchScreen_Generation = YES;
				INFOPLIST_KEY_UISupportedInterfaceOrientations = UIInterfaceOrientationPortrait;
				INFOPLIST_KEY_UISupportedInterfaceOrientations_iPad = "UIInterfaceOrientationLandscapeLeft UIInterfaceOrientationLandscapeRight UIInterfaceOrientationPortrait UIInterfaceOrientationPortraitUpsideDown";
				IPHONEOS_DEPLOYMENT_TARGET = 17.0;
				LD_RUNPATH_SEARCH_PATHS = (
					"$(inherited)",
					"@executable_path/Frameworks",
				);
				MARKETING_VERSION = 2024.1.34;
				PRODUCT_BUNDLE_IDENTIFIER = io.4told.fourtold;
				PRODUCT_NAME = "$(TARGET_NAME)";
				SUPPORTED_PLATFORMS = "iphoneos iphonesimulator";
				SUPPORTS_MACCATALYST = NO;
				SUPPORTS_MAC_DESIGNED_FOR_IPHONE_IPAD = NO;
				SUPPORTS_XR_DESIGNED_FOR_IPHONE_IPAD = NO;
				SWIFT_EMIT_LOC_STRINGS = YES;
				SWIFT_VERSION = 5.0;
				TARGETED_DEVICE_FAMILY = 1;
			};
			name = Debug;
		};
		5912D1A12B1BB78F00E78D6E /* Release */ = {
			isa = XCBuildConfiguration;
			buildSettings = {
				ASSETCATALOG_COMPILER_APPICON_NAME = AppIcon;
				ASSETCATALOG_COMPILER_GLOBAL_ACCENT_COLOR_NAME = AccentColor;
				CODE_SIGN_ENTITLEMENTS = fourtold/fourtold.entitlements;
				CODE_SIGN_STYLE = Automatic;
				CURRENT_PROJECT_VERSION = 98;
				DEVELOPMENT_ASSET_PATHS = "\"fourtold/Preview Content\"";
				DEVELOPMENT_TEAM = 9DTKH8BRLR;
				ENABLE_PREVIEWS = YES;
				GENERATE_INFOPLIST_FILE = YES;
				INFOPLIST_FILE = fourtold/Info.plist;
				INFOPLIST_KEY_CFBundleDisplayName = 4told;
				INFOPLIST_KEY_LSApplicationCategoryType = "public.app-category.healthcare-fitness";
				INFOPLIST_KEY_NSHealthShareUsageDescription = "Read Apple Health data to show in the app";
				INFOPLIST_KEY_NSHealthUpdateUsageDescription = "Write app data to Apple Health";
				INFOPLIST_KEY_UIApplicationSceneManifest_Generation = YES;
				INFOPLIST_KEY_UIApplicationSupportsIndirectInputEvents = YES;
				INFOPLIST_KEY_UILaunchScreen_Generation = YES;
				INFOPLIST_KEY_UISupportedInterfaceOrientations = UIInterfaceOrientationPortrait;
				INFOPLIST_KEY_UISupportedInterfaceOrientations_iPad = "UIInterfaceOrientationLandscapeLeft UIInterfaceOrientationLandscapeRight UIInterfaceOrientationPortrait UIInterfaceOrientationPortraitUpsideDown";
				IPHONEOS_DEPLOYMENT_TARGET = 17.0;
				LD_RUNPATH_SEARCH_PATHS = (
					"$(inherited)",
					"@executable_path/Frameworks",
				);
				MARKETING_VERSION = 2024.1.34;
				PRODUCT_BUNDLE_IDENTIFIER = io.4told.fourtold;
				PRODUCT_NAME = "$(TARGET_NAME)";
				SUPPORTED_PLATFORMS = "iphoneos iphonesimulator";
				SUPPORTS_MACCATALYST = NO;
				SUPPORTS_MAC_DESIGNED_FOR_IPHONE_IPAD = NO;
				SUPPORTS_XR_DESIGNED_FOR_IPHONE_IPAD = NO;
				SWIFT_EMIT_LOC_STRINGS = YES;
				SWIFT_VERSION = 5.0;
				TARGETED_DEVICE_FAMILY = 1;
			};
			name = Release;
		};
/* End XCBuildConfiguration section */

/* Begin XCConfigurationList section */
		5912D18C2B1BB78D00E78D6E /* Build configuration list for PBXProject "fourtold" */ = {
			isa = XCConfigurationList;
			buildConfigurations = (
				5912D19D2B1BB78F00E78D6E /* Debug */,
				5912D19E2B1BB78F00E78D6E /* Release */,
			);
			defaultConfigurationIsVisible = 0;
			defaultConfigurationName = Release;
		};
		5912D19F2B1BB78F00E78D6E /* Build configuration list for PBXNativeTarget "fourtold" */ = {
			isa = XCConfigurationList;
			buildConfigurations = (
				5912D1A02B1BB78F00E78D6E /* Debug */,
				5912D1A12B1BB78F00E78D6E /* Release */,
			);
			defaultConfigurationIsVisible = 0;
			defaultConfigurationName = Release;
		};
/* End XCConfigurationList section */
	};
	rootObject = 5912D1892B1BB78D00E78D6E /* Project object */;
}
